
Microsoft Visual Studio Solution File, Format Version 12.00
# Visual Studio 14
VisualStudioVersion = 14.0.25123.0
MinimumVisualStudioVersion = 10.0.40219.1
Project("{8BC9CEB8-8B4A-11D0-8D11-00A0C91BC942}") = "imos2", "imos2\imos2.vcxproj", "{84177E12-81D9-4223-91A6-12CE63963319}"
EndProject
Global
	GlobalSection(SolutionConfigurationPlatforms) = preSolution
		Debug|x64 = Debug|x64
		Debug|x86 = Debug|x86
		Release|x64 = Release|x64
		Release|x86 = Release|x86
	EndGlobalSection
	GlobalSection(ProjectConfigurationPlatforms) = postSolution
		{84177E12-81D9-4223-91A6-12CE63963319}.Debug|x64.ActiveCfg = Debug|x64
		{84177E12-81D9-4223-91A6-12CE63963319}.Debug|x64.Build.0 = Debug|x64
		{84177E12-81D9-4223-91A6-12CE63963319}.Debug|x86.ActiveCfg = Debug|Win32
		{84177E12-81D9-4223-91A6-12CE63963319}.Debug|x86.Build.0 = Debug|Win32
		{84177E12-81D9-4223-91A6-12CE63963319}.Release|x64.ActiveCfg = Release|x64
		{84177E12-81D9-4223-91A6-12CE63963319}.Release|x64.Build.0 = Release|x64
		{84177E12-81D9-4223-91A6-12CE63963319}.Release|x86.ActiveCfg = Release|Win32
		{84177E12-81D9-4223-91A6-12CE63963319}.Release|x86.Build.0 = Release|Win32
	EndGlobalSection
	GlobalSection(SolutionProperties) = preSolution
		HideSolutionNode = FALSE
	EndGlobalSection
EndGlobal
